
Microsoft Visual Studio Solution File, Format Version 12.00
# Visual Studio Version 17
VisualStudioVersion = 17.11.35118.90
MinimumVisualStudioVersion = 10.0.40219.1
Project("{FAE04EC0-301F-11D3-BF4B-00C04F79EFBC}") = "Unknown6656.Runtime", "Unknown6656.Runtime\Unknown6656.Runtime.csproj", "{74C7F938-2831-4545-B97B-C628AC667322}"
EndProject
Global
	GlobalSection(SolutionConfigurationPlatforms) = preSolution
		Debug|Any CPU = Debug|Any CPU
		Release|Any CPU = Release|Any CPU
	EndGlobalSection
	GlobalSection(ProjectConfigurationPlatforms) = postSolution
		{74C7F938-2831-4545-B97B-C628AC667322}.Debug|Any CPU.ActiveCfg = Debug|Any CPU
		{74C7F938-2831-4545-B97B-C628AC667322}.Debug|Any CPU.Build.0 = Debug|Any CPU
		{74C7F938-2831-4545-B97B-C628AC667322}.Release|Any CPU.ActiveCfg = Release|Any CPU
		{74C7F938-2831-4545-B97B-C628AC667322}.Release|Any CPU.Build.0 = Release|Any CPU
	EndGlobalSection
	GlobalSection(SolutionProperties) = preSolution
		HideSolutionNode = FALSE
	EndGlobalSection
	GlobalSection(ExtensibilityGlobals) = postSolution
		SolutionGuid = {7B9BD167-2C54-4902-9A04-BC6A0E3642AE}
	EndGlobalSection
EndGlobal
